// !*$UTF8*$!
{
	archiveVersion = 1;
	classes = {
	};
	objectVersion = 56;
	objects = {

/* Begin PBXBuildFile section */
		AABB0001 /* KeyMapperDriver.cpp */ = {isa = PBXBuildFile; fileRef = AABB0003 /* KeyMapperDriver.cpp */; };
		AABB0002 /* KeyMapperUserClient.cpp */ = {isa = PBXBuildFile; fileRef = AABB0008 /* KeyMapperUserClient.cpp */; };
/* End PBXBuildFile section */

/* Begin PBXFileReference section */
		AABB0003 /* KeyMapperDriver.cpp */ = {isa = PBXFileReference; lastKnownFileType = sourcecode.cpp.cpp; path = KeyMapperDriver.cpp; sourceTree = "<group>"; };
		AABB0004 /* HIDReportDescriptor.h */ = {isa = PBXFileReference; lastKnownFileType = sourcecode.c.h; path = HIDReportDescriptor.h; sourceTree = "<group>"; };
		AABB0005 /* KeyMapperDriver.h */ = {isa = PBXFileReference; lastKnownFileType = sourcecode.c.h; path = KeyMapperDriver.h; sourceTree = "<group>"; };
		AABB0006 /* Info.plist */ = {isa = PBXFileReference; lastKnownFileType = text.plist.xml; path = Info.plist; sourceTree = "<group>"; };
		AABB0007 /* KeyMapperVirtualHID.entitlements */ = {isa = PBXFileReference; lastKnownFileType = text.plist.entitlements; path = KeyMapperVirtualHID.entitlements; sourceTree = "<group>"; };
		AABB0008 /* KeyMapperUserClient.cpp */ = {isa = PBXFileReference; lastKnownFileType = sourcecode.cpp.cpp; path = KeyMapperUserClient.cpp; sourceTree = "<group>"; };
		AABB0009 /* KeyMapperUserClient.h */ = {isa = PBXFileReference; lastKnownFileType = sourcecode.c.h; path = KeyMapperUserClient.h; sourceTree = "<group>"; };
		AABB0010 /* KeyMapperVirtualHID.kext */ = {isa = PBXFileReference; explicitFileType = wrapper.kernel-extension; includeInIndex = 0; path = KeyMapperVirtualHID.kext; sourceTree = BUILT_PRODUCTS_DIR; };
		AABB0011 /* KeyMapperProtocol.h */ = {isa = PBXFileReference; lastKnownFileType = sourcecode.c.h; path = KeyMapperProtocol.h; sourceTree = "<group>"; };
		AABB0036 /* OSStructors.h */ = {isa = PBXFileReference; lastKnownFileType = sourcecode.c.h; path = OSStructors.h; sourceTree = "<group>"; };
/* End PBXFileReference section */

/* Begin PBXFrameworksBuildPhase section */
		AABB0020 /* Frameworks */ = {
			isa = PBXFrameworksBuildPhase;
			buildActionMask = 2147483647;
			files = (
			);
			runOnlyForDeploymentPostprocessing = 0;
		};
/* End PBXFrameworksBuildPhase section */

/* Begin PBXGroup section */
		AABB0030 /* Root */ = {
			isa = PBXGroup;
			children = (
				AABB0031 /* KeyMapperVirtualHID */,
				AABB0032 /* Products */,
			);
			sourceTree = "<group>";
		};
		AABB0031 /* KeyMapperVirtualHID */ = {
			isa = PBXGroup;
			children = (
				AABB0005 /* KeyMapperDriver.h */,
				AABB0036 /* OSStructors.h */,
				AABB0011 /* KeyMapperProtocol.h */,
				AABB0009 /* KeyMapperUserClient.h */,
				AABB0003 /* KeyMapperDriver.cpp */,
				AABB0008 /* KeyMapperUserClient.cpp */,
				AABB0004 /* HIDReportDescriptor.h */,
				AABB0006 /* Info.plist */,
				AABB0007 /* KeyMapperVirtualHID.entitlements */,
			);
			path = KeyMapperVirtualHID;
			sourceTree = "<group>";
		};
		AABB0032 /* Products */ = {
			isa = PBXGroup;
			children = (
				AABB0010 /* KeyMapperVirtualHID.kext */,
			);
			name = Products;
			sourceTree = "<group>";
		};
/* End PBXGroup section */

/* Begin PBXNativeTarget section */
		AABB0040 /* KeyMapperVirtualHID */ = {
			isa = PBXNativeTarget;
			buildConfigurationList = AABB0060 /* Build configuration list for PBXNativeTarget "KeyMapperVirtualHID" */;
			buildPhases = (
				AABB0050 /* Sources */,
				AABB0020 /* Frameworks */,
			);
			buildRules = (
			);
			dependencies = (
			);
			name = KeyMapperVirtualHID;
			productName = KeyMapperVirtualHID;
			productReference = AABB0010 /* KeyMapperVirtualHID.kext */;
			productType = "com.apple.product-type.bundle";
		};
/* End PBXNativeTarget section */

/* Begin PBXProject section */
		AABB0070 /* Project object */ = {
			isa = PBXProject;
			attributes = {
				BuildIndependentTargetsInParallel = 1;
				LastUpgradeCheck = 1620;
			};
			buildConfigurationList = AABB0080 /* Build configuration list for PBXProject "KeyMapperVirtualHID" */;
			compatibilityVersion = "Xcode 16.0";
			developmentRegion = en;
			hasScannedForEncodings = 0;
			knownRegions = (
				en,
				Base,
			);
			mainGroup = AABB0030 /* Root */;
			productRefGroup = AABB0032 /* Products */;
			projectDirPath = "";
			projectRoot = "";
			targets = (
				AABB0040 /* KeyMapperVirtualHID */,
			);
		};
/* End PBXProject section */

/* Begin PBXSourcesBuildPhase section */
		AABB0050 /* Sources */ = {
			isa = PBXSourcesBuildPhase;
			buildActionMask = 2147483647;
			files = (
				AABB0001 /* KeyMapperDriver.cpp */,
				AABB0002 /* KeyMapperUserClient.cpp */,
			);
			runOnlyForDeploymentPostprocessing = 0;
		};
/* End PBXSourcesBuildPhase section */

/* Begin XCBuildConfiguration section */
		AABB0090 /* Debug */ = {
			isa = XCBuildConfiguration;
			buildSettings = {
				ALWAYS_SEARCH_USER_PATHS = NO;
				CLANG_ENABLE_MODULES = YES;
				COPY_PHASE_STRIP = NO;
				DEBUG_INFORMATION_FORMAT = dwarf;
				ONLY_ACTIVE_ARCH = YES;
			};
			name = Debug;
		};
		AABB0091 /* Release */ = {
			isa = XCBuildConfiguration;
			buildSettings = {
				ALWAYS_SEARCH_USER_PATHS = NO;
				CLANG_ENABLE_MODULES = YES;
				COPY_PHASE_STRIP = NO;
				DEBUG_INFORMATION_FORMAT = "dwarf-with-dsym";
			};
			name = Release;
		};
		AABB0092 /* Debug */ = {
			isa = XCBuildConfiguration;
			buildSettings = {
				CLANG_CXX_LANGUAGE_STANDARD = "gnu++20";
				CODE_SIGNING_ALLOWED = NO;
				CODE_SIGNING_REQUIRED = NO;
				CURRENT_PROJECT_VERSION = 1;
				FRAMEWORK_SEARCH_PATHS = (
					"\$(inherited)",
					"\$(SDKROOT)/System/DriverKit/System/Library/Frameworks",
				);
				HEADER_SEARCH_PATHS = (
					"\$(inherited)",
					"\$(PROJECT_DIR)/KeyMapperVirtualHID",
				);
				WRAPPER_EXTENSION = kext;
				INFOPLIST_FILE = KeyMapperVirtualHID/Info.plist;
				INSTALL_PATH = "\$(LOCAL_LIBRARY_DIRECTORY)/Extensions";
				MACOSX_DEPLOYMENT_TARGET = 15.0;
				MARKETING_VERSION = 1.0;
				OTHER_LDFLAGS = (
					"\$(inherited)",
					"-framework",
					HIDDriverKit,
				);
				PRODUCT_BUNDLE_IDENTIFIER = de.adrhim.keymapper.virtualhid;
				PRODUCT_NAME = "\$(TARGET_NAME)";
				SDKROOT = driverkit25.5;
			};
			name = Debug;
		};
		AABB0093 /* Release */ = {
			isa = XCBuildConfiguration;
			buildSettings = {
				CLANG_CXX_LANGUAGE_STANDARD = "gnu++20";
				CODE_SIGNING_ALLOWED = NO;
				CODE_SIGNING_REQUIRED = NO;
				CURRENT_PROJECT_VERSION = 1;
				FRAMEWORK_SEARCH_PATHS = (
					"\$(inherited)",
					"\$(SDKROOT)/System/DriverKit/System/Library/Frameworks",
				);
				HEADER_SEARCH_PATHS = (
					"\$(inherited)",
					"\$(PROJECT_DIR)/KeyMapperVirtualHID",
				);
				WRAPPER_EXTENSION = kext;
				INFOPLIST_FILE = KeyMapperVirtualHID/Info.plist;
				INSTALL_PATH = "\$(LOCAL_LIBRARY_DIRECTORY)/Extensions";
				MACOSX_DEPLOYMENT_TARGET = 15.0;
				MARKETING_VERSION = 1.0;
				OTHER_LDFLAGS = (
					"\$(inherited)",
					"-framework",
					HIDDriverKit,
				);
				PRODUCT_BUNDLE_IDENTIFIER = de.adrhim.keymapper.virtualhid;
				PRODUCT_NAME = "\$(TARGET_NAME)";
				SDKROOT = driverkit25.5;
			};
			name = Release;
		};
/* End XCBuildConfiguration section */

/* Begin XCConfigurationList section */
		AABB0060 /* Build configuration list for PBXNativeTarget "KeyMapperVirtualHID" */ = {
			isa = XCConfigurationList;
			buildConfigurations = (
				AABB0092 /* Debug */,
				AABB0093 /* Release */,
			);
			defaultConfigurationIsVisible = 0;
			defaultConfigurationName = Release;
		};
		AABB0080 /* Build configuration list for PBXProject "KeyMapperVirtualHID" */ = {
			isa = XCConfigurationList;
			buildConfigurations = (
				AABB0090 /* Debug */,
				AABB0091 /* Release */,
			);
			defaultConfigurationIsVisible = 0;
			defaultConfigurationName = Release;
		};
/* End XCConfigurationList section */
	};
	rootObject = AABB0070 /* Project object */;
}
